
Microsoft Visual Studio Solution File, Format Version 12.00
# Visual Studio Version 17
VisualStudioVersion = 17.0.31912.275
MinimumVisualStudioVersion = 10.0.40219.1
Project("{FAE04EC0-301F-11D3-BF4B-00C04F79EFBC}") = "ScratchCards.WebApi", "ScratchCards.WebApi\ScratchCards.WebApi.csproj", "{4146497A-B5EE-4530-91F3-658BE5C5ED97}"
EndProject
Project("{FAE04EC0-301F-11D3-BF4B-00C04F79EFBC}") = "ScratchCards.Data", "ScratchCards.Data\ScratchCards.Data.csproj", "{FD45A721-A2B5-43F2-83F1-2976BEAD0ACF}"
EndProject
Global
	GlobalSection(SolutionConfigurationPlatforms) = preSolution
		Debug|Any CPU = Debug|Any CPU
		Release|Any CPU = Release|Any CPU
	EndGlobalSection
	GlobalSection(ProjectConfigurationPlatforms) = postSolution
		{4146497A-B5EE-4530-91F3-658BE5C5ED97}.Debug|Any CPU.ActiveCfg = Debug|Any CPU
		{4146497A-B5EE-4530-91F3-658BE5C5ED97}.Debug|Any CPU.Build.0 = Debug|Any CPU
		{4146497A-B5EE-4530-91F3-658BE5C5ED97}.Release|Any CPU.ActiveCfg = Release|Any CPU
		{4146497A-B5EE-4530-91F3-658BE5C5ED97}.Release|Any CPU.Build.0 = Release|Any CPU
		{FD45A721-A2B5-43F2-83F1-2976BEAD0ACF}.Debug|Any CPU.ActiveCfg = Debug|Any CPU
		{FD45A721-A2B5-43F2-83F1-2976BEAD0ACF}.Debug|Any CPU.Build.0 = Debug|Any CPU
		{FD45A721-A2B5-43F2-83F1-2976BEAD0ACF}.Release|Any CPU.ActiveCfg = Release|Any CPU
		{FD45A721-A2B5-43F2-83F1-2976BEAD0ACF}.Release|Any CPU.Build.0 = Release|Any CPU
	EndGlobalSection
	GlobalSection(SolutionProperties) = preSolution
		HideSolutionNode = FALSE
	EndGlobalSection
	GlobalSection(ExtensibilityGlobals) = postSolution
		SolutionGuid = {6AA14391-BFB2-4F56-BD61-A15D2E624211}
	EndGlobalSection
EndGlobal
